// !$*UTF8*$!
{
	archiveVersion = 1;
	classes = {
	};
	objectVersion = 50;
	objects = {

/* Begin PBXBuildFile section */
		024B08FC239B1D6400C79FC5 /* CountryAPIClient.swift in Sources */ = {isa = PBXBuildFile; fileRef = 024B08FB239B1D6400C79FC5 /* CountryAPIClient.swift */; };
		024B08FE239B1E3000C79FC5 /* AppError.swift in Sources */ = {isa = PBXBuildFile; fileRef = 024B08FD239B1E3000C79FC5 /* AppError.swift */; };
		024B0900239B1F3300C79FC5 /* Country.swift in Sources */ = {isa = PBXBuildFile; fileRef = 024B08FF239B1F3300C79FC5 /* Country.swift */; };
		024B0902239B230F00C79FC5 /* NetworkHelper.swift in Sources */ = {isa = PBXBuildFile; fileRef = 024B0901239B230F00C79FC5 /* NetworkHelper.swift */; };
		024B0904239B287800C79FC5 /* ImageClient.swift in Sources */ = {isa = PBXBuildFile; fileRef = 024B0903239B287800C79FC5 /* ImageClient.swift */; };
		024B0906239C402D00C79FC5 /* countries.json in Resources */ = {isa = PBXBuildFile; fileRef = 024B0905239C402D00C79FC5 /* countries.json */; };
		024B0908239C5CC600C79FC5 /* CountryDetailController.swift in Sources */ = {isa = PBXBuildFile; fileRef = 024B0907239C5CC600C79FC5 /* CountryDetailController.swift */; };
		024F74B5239AE2DF00012906 /* AppDelegate.swift in Sources */ = {isa = PBXBuildFile; fileRef = 024F74B4239AE2DF00012906 /* AppDelegate.swift */; };
		024F74B7239AE2DF00012906 /* SceneDelegate.swift in Sources */ = {isa = PBXBuildFile; fileRef = 024F74B6239AE2DF00012906 /* SceneDelegate.swift */; };
		024F74B9239AE2DF00012906 /* CountriesViewController.swift in Sources */ = {isa = PBXBuildFile; fileRef = 024F74B8239AE2DF00012906 /* CountriesViewController.swift */; };
		024F74BC239AE2DF00012906 /* Main.storyboard in Resources */ = {isa = PBXBuildFile; fileRef = 024F74BA239AE2DF00012906 /* Main.storyboard */; };
		024F74BE239AE2E200012906 /* Assets.xcassets in Resources */ = {isa = PBXBuildFile; fileRef = 024F74BD239AE2E200012906 /* Assets.xcassets */; };
		024F74C1239AE2E200012906 /* LaunchScreen.storyboard in Resources */ = {isa = PBXBuildFile; fileRef = 024F74BF239AE2E200012906 /* LaunchScreen.storyboard */; };
		024F74CC239AE2E200012906 /* ConcurrencyLabTests.swift in Sources */ = {isa = PBXBuildFile; fileRef = 024F74CB239AE2E200012906 /* ConcurrencyLabTests.swift */; };
		024F74D7239AEAAA00012906 /* CountryCellTableViewCell.swift in Sources */ = {isa = PBXBuildFile; fileRef = 024F74D6239AEAAA00012906 /* CountryCellTableViewCell.swift */; };
/* End PBXBuildFile section */

/* Begin PBXContainerItemProxy section */
		024F74C8239AE2E200012906 /* PBXContainerItemProxy */ = {
			isa = PBXContainerItemProxy;
			containerPortal = 024F74A9239AE2DF00012906 /* Project object */;
			proxyType = 1;
			remoteGlobalIDString = 024F74B0239AE2DF00012906;
			remoteInfo = ConcurrencyLab;
		};
/* End PBXContainerItemProxy section */

/* Begin PBXFileReference section */
		024B08FB239B1D6400C79FC5 /* CountryAPIClient.swift */ = {isa = PBXFileReference; lastKnownFileType = sourcecode.swift; path = CountryAPIClient.swift; sourceTree = "<group>"; };
		024B08FD239B1E3000C79FC5 /* AppError.swift */ = {isa = PBXFileReference; lastKnownFileType = sourcecode.swift; path = AppError.swift; sourceTree = "<group>"; };
		024B08FF239B1F3300C79FC5 /* Country.swift */ = {isa = PBXFileReference; lastKnownFileType = sourcecode.swift; path = Country.swift; sourceTree = "<group>"; };
		024B0901239B230F00C79FC5 /* NetworkHelper.swift */ = {isa = PBXFileReference; lastKnownFileType = sourcecode.swift; path = NetworkHelper.swift; sourceTree = "<group>"; };
		024B0903239B287800C79FC5 /* ImageClient.swift */ = {isa = PBXFileReference; lastKnownFileType = sourcecode.swift; path = ImageClient.swift; sourceTree = "<group>"; };
		024B0905239C402D00C79FC5 /* countries.json */ = {isa = PBXFileReference; lastKnownFileType = text.json; path = countries.json; sourceTree = "<group>"; };
		024B0907239C5CC600C79FC5 /* CountryDetailController.swift */ = {isa = PBXFileReference; lastKnownFileType = sourcecode.swift; path = CountryDetailController.swift; sourceTree = "<group>"; };
		024F74B1239AE2DF00012906 /* ConcurrencyLab.app */ = {isa = PBXFileReference; explicitFileType = wrapper.application; includeInIndex = 0; path = ConcurrencyLab.app; sourceTree = BUILT_PRODUCTS_DIR; };
		024F74B4239AE2DF00012906 /* AppDelegate.swift */ = {isa = PBXFileReference; lastKnownFileType = sourcecode.swift; path = AppDelegate.swift; sourceTree = "<group>"; };
		024F74B6239AE2DF00012906 /* SceneDelegate.swift */ = {isa = PBXFileReference; lastKnownFileType = sourcecode.swift; path = SceneDelegate.swift; sourceTree = "<group>"; };
		024F74B8239AE2DF00012906 /* CountriesViewController.swift */ = {isa = PBXFileReference; lastKnownFileType = sourcecode.swift; path = CountriesViewController.swift; sourceTree = "<group>"; };
		024F74BB239AE2DF00012906 /* Base */ = {isa = PBXFileReference; lastKnownFileType = file.storyboard; name = Base; path = Base.lproj/Main.storyboard; sourceTree = "<group>"; };
		024F74BD239AE2E200012906 /* Assets.xcassets */ = {isa = PBXFileReference; lastKnownFileType = folder.assetcatalog; path = Assets.xcassets; sourceTree = "<group>"; };
		024F74C0239AE2E200012906 /* Base */ = {isa = PBXFileReference; lastKnownFileType = file.storyboard; name = Base; path = Base.lproj/LaunchScreen.storyboard; sourceTree = "<group>"; };
		024F74C2239AE2E200012906 /* Info.plist */ = {isa = PBXFileReference; lastKnownFileType = text.plist.xml; path = Info.plist; sourceTree = "<group>"; };
		024F74C7239AE2E200012906 /* ConcurrencyLabTests.xctest */ = {isa = PBXFileReference; explicitFileType = wrapper.cfbundle; includeInIndex = 0; path = ConcurrencyLabTests.xctest; sourceTree = BUILT_PRODUCTS_DIR; };
		024F74CB239AE2E200012906 /* ConcurrencyLabTests.swift */ = {isa = PBXFileReference; lastKnownFileType = sourcecode.swift; path = ConcurrencyLabTests.swift; sourceTree = "<group>"; };
		024F74CD239AE2E200012906 /* Info.plist */ = {isa = PBXFileReference; lastKnownFileType = text.plist.xml; path = Info.plist; sourceTree = "<group>"; };
		024F74D6239AEAAA00012906 /* CountryCellTableViewCell.swift */ = {isa = PBXFileReference; lastKnownFileType = sourcecode.swift; path = CountryCellTableViewCell.swift; sourceTree = "<group>"; };
/* End PBXFileReference section */

/* Begin PBXFrameworksBuildPhase section */
		024F74AE239AE2DF00012906 /* Frameworks */ = {
			isa = PBXFrameworksBuildPhase;
			buildActionMask = 2147483647;
			files = (
			);
			runOnlyForDeploymentPostprocessing = 0;
		};
		024F74C4239AE2E200012906 /* Frameworks */ = {
			isa = PBXFrameworksBuildPhase;
			buildActionMask = 2147483647;
			files = (
			);
			runOnlyForDeploymentPostprocessing = 0;
		};
/* End PBXFrameworksBuildPhase section */

/* Begin PBXGroup section */
		024F74A8239AE2DF00012906 = {
			isa = PBXGroup;
			children = (
				024F74B3239AE2DF00012906 /* ConcurrencyLab */,
				024F74CA239AE2E200012906 /* ConcurrencyLabTests */,
				024F74B2239AE2DF00012906 /* Products */,
			);
			sourceTree = "<group>";
		};
		024F74B2239AE2DF00012906 /* Products */ = {
			isa = PBXGroup;
			children = (
				024F74B1239AE2DF00012906 /* ConcurrencyLab.app */,
				024F74C7239AE2E200012906 /* ConcurrencyLabTests.xctest */,
			);
			name = Products;
			sourceTree = "<group>";
		};
		024F74B3239AE2DF00012906 /* ConcurrencyLab */ = {
			isa = PBXGroup;
			children = (
				024F74B4239AE2DF00012906 /* AppDelegate.swift */,
				024F74B6239AE2DF00012906 /* SceneDelegate.swift */,
				024B0901239B230F00C79FC5 /* NetworkHelper.swift */,
				024F74B8239AE2DF00012906 /* CountriesViewController.swift */,
				024B0907239C5CC600C79FC5 /* CountryDetailController.swift */,
				024F74D6239AEAAA00012906 /* CountryCellTableViewCell.swift */,
				024B08FF239B1F3300C79FC5 /* Country.swift */,
				024B08FB239B1D6400C79FC5 /* CountryAPIClient.swift */,
				024B0903239B287800C79FC5 /* ImageClient.swift */,
				024B08FD239B1E3000C79FC5 /* AppError.swift */,
				024B0905239C402D00C79FC5 /* countries.json */,
				024F74BA239AE2DF00012906 /* Main.storyboard */,
				024F74BD239AE2E200012906 /* Assets.xcassets */,
				024F74BF239AE2E200012906 /* LaunchScreen.storyboard */,
				024F74C2239AE2E200012906 /* Info.plist */,
			);
			path = ConcurrencyLab;
			sourceTree = "<group>";
		};
		024F74CA239AE2E200012906 /* ConcurrencyLabTests */ = {
			isa = PBXGroup;
			children = (
				024F74CB239AE2E200012906 /* ConcurrencyLabTests.swift */,
				024F74CD239AE2E200012906 /* Info.plist */,
			);
			path = ConcurrencyLabTests;
			sourceTree = "<group>";
		};
/* End PBXGroup section */

/* Begin PBXNativeTarget section */
		024F74B0239AE2DF00012906 /* ConcurrencyLab */ = {
			isa = PBXNativeTarget;
			buildConfigurationList = 024F74D0239AE2E200012906 /* Build configuration list for PBXNativeTarget "ConcurrencyLab" */;
			buildPhases = (
				024F74AD239AE2DF00012906 /* Sources */,
				024F74AE239AE2DF00012906 /* Frameworks */,
				024F74AF239AE2DF00012906 /* Resources */,
			);
			buildRules = (
			);
			dependencies = (
			);
			name = ConcurrencyLab;
			productName = ConcurrencyLab;
			productReference = 024F74B1239AE2DF00012906 /* ConcurrencyLab.app */;
			productType = "com.apple.product-type.application";
		};
		024F74C6239AE2E200012906 /* ConcurrencyLabTests */ = {
			isa = PBXNativeTarget;
			buildConfigurationList = 024F74D3239AE2E200012906 /* Build configuration list for PBXNativeTarget "ConcurrencyLabTests" */;
			buildPhases = (
				024F74C3239AE2E200012906 /* Sources */,
				024F74C4239AE2E200012906 /* Frameworks */,
				024F74C5239AE2E200012906 /* Resources */,
			);
			buildRules = (
			);
			dependencies = (
				024F74C9239AE2E200012906 /* PBXTargetDependency */,
			);
			name = ConcurrencyLabTests;
			productName = ConcurrencyLabTests;
			productReference = 024F74C7239AE2E200012906 /* ConcurrencyLabTests.xctest */;
			productType = "com.apple.product-type.bundle.unit-test";
		};
/* End PBXNativeTarget section */

/* Begin PBXProject section */
		024F74A9239AE2DF00012906 /* Project object */ = {
			isa = PBXProject;
			attributes = {
				LastSwiftUpdateCheck = 1120;
				LastUpgradeCheck = 1120;
				ORGANIZATIONNAME = "Kelby Mittan";
				TargetAttributes = {
					024F74B0239AE2DF00012906 = {
						CreatedOnToolsVersion = 11.2.1;
					};
					024F74C6239AE2E200012906 = {
						CreatedOnToolsVersion = 11.2.1;
						TestTargetID = 024F74B0239AE2DF00012906;
					};
				};
			};
			buildConfigurationList = 024F74AC239AE2DF00012906 /* Build configuration list for PBXProject "ConcurrencyLab" */;
			compatibilityVersion = "Xcode 9.3";
			developmentRegion = en;
			hasScannedForEncodings = 0;
			knownRegions = (
				en,
				Base,
			);
			mainGroup = 024F74A8239AE2DF00012906;
			productRefGroup = 024F74B2239AE2DF00012906 /* Products */;
			projectDirPath = "";
			projectRoot = "";
			targets = (
				024F74B0239AE2DF00012906 /* ConcurrencyLab */,
				024F74C6239AE2E200012906 /* ConcurrencyLabTests */,
			);
		};
/* End PBXProject section */

/* Begin PBXResourcesBuildPhase section */
		024F74AF239AE2DF00012906 /* Resources */ = {
			isa = PBXResourcesBuildPhase;
			buildActionMask = 2147483647;
			files = (
				024F74C1239AE2E200012906 /* LaunchScreen.storyboard in Resources */,
				024F74BE239AE2E200012906 /* Assets.xcassets in Resources */,
				024B0906239C402D00C79FC5 /* countries.json in Resources */,
				024F74BC239AE2DF00012906 /* Main.storyboard in Resources */,
			);
			runOnlyForDeploymentPostprocessing = 0;
		};
		024F74C5239AE2E200012906 /* Resources */ = {
			isa = PBXResourcesBuildPhase;
			buildActionMask = 2147483647;
			files = (
			);
			runOnlyForDeploymentPostprocessing = 0;
		};
/* End PBXResourcesBuildPhase section */

/* Begin PBXSourcesBuildPhase section */
		024F74AD239AE2DF00012906 /* Sources */ = {
			isa = PBXSourcesBuildPhase;
			buildActionMask = 2147483647;
			files = (
				024B0902239B230F00C79FC5 /* NetworkHelper.swift in Sources */,
				024B0900239B1F3300C79FC5 /* Country.swift in Sources */,
				024F74D7239AEAAA00012906 /* CountryCellTableViewCell.swift in Sources */,
				024F74B9239AE2DF00012906 /* CountriesViewController.swift in Sources */,
				024B08FE239B1E3000C79FC5 /* AppError.swift in Sources */,
				024B0908239C5CC600C79FC5 /* CountryDetailController.swift in Sources */,
				024F74B5239AE2DF00012906 /* AppDelegate.swift in Sources */,
				024B0904239B287800C79FC5 /* ImageClient.swift in Sources */,
				024B08FC239B1D6400C79FC5 /* CountryAPIClient.swift in Sources */,
				024F74B7239AE2DF00012906 /* SceneDelegate.swift in Sources */,
			);
			runOnlyForDeploymentPostprocessing = 0;
		};
		024F74C3239AE2E200012906 /* Sources */ = {
			isa = PBXSourcesBuildPhase;
			buildActionMask = 2147483647;
			files = (
				024F74CC239AE2E200012906 /* ConcurrencyLabTests.swift in Sources */,
			);
			runOnlyForDeploymentPostprocessing = 0;
		};
/* End PBXSourcesBuildPhase section */

/* Begin PBXTargetDependency section */
		024F74C9239AE2E200012906 /* PBXTargetDependency */ = {
			isa = PBXTargetDependency;
			target = 024F74B0239AE2DF00012906 /* ConcurrencyLab */;
			targetProxy = 024F74C8239AE2E200012906 /* PBXContainerItemProxy */;
		};
/* End PBXTargetDependency section */

/* Begin PBXVariantGroup section */
		024F74BA239AE2DF00012906 /* Main.storyboard */ = {
			isa = PBXVariantGroup;
			children = (
				024F74BB239AE2DF00012906 /* Base */,
			);
			name = Main.storyboard;
			sourceTree = "<group>";
		};
		024F74BF239AE2E200012906 /* LaunchScreen.storyboard */ = {
			isa = PBXVariantGroup;
			children = (
				024F74C0239AE2E200012906 /* Base */,
			);
			name = LaunchScreen.storyboard;
			sourceTree = "<group>";
		};
/* End PBXVariantGroup section */

/* Begin XCBuildConfiguration section */
		024F74CE239AE2E200012906 /* Debug */ = {
			isa = XCBuildConfiguration;
			buildSettings = {
				ALWAYS_SEARCH_USER_PATHS = NO;
				CLANG_ANALYZER_NONNULL = YES;
				CLANG_ANALYZER_NUMBER_OBJECT_CONVERSION = YES_AGGRESSIVE;
				CLANG_CXX_LANGUAGE_STANDARD = "gnu++14";
				CLANG_CXX_LIBRARY = "libc++";
				CLANG_ENABLE_MODULES = YES;
				CLANG_ENABLE_OBJC_ARC = YES;
				CLANG_ENABLE_OBJC_WEAK = YES;
				CLANG_WARN_BLOCK_CAPTURE_AUTORELEASING = YES;
				CLANG_WARN_BOOL_CONVERSION = YES;
				CLANG_WARN_COMMA = YES;
				CLANG_WARN_CONSTANT_CONVERSION = YES;
				CLANG_WARN_DEPRECATED_OBJC_IMPLEMENTATIONS = YES;
				CLANG_WARN_DIRECT_OBJC_ISA_USAGE = YES_ERROR;
				CLANG_WARN_DOCUMENTATION_COMMENTS = YES;
				CLANG_WARN_EMPTY_BODY = YES;
				CLANG_WARN_ENUM_CONVERSION = YES;
				CLANG_WARN_INFINITE_RECURSION = YES;
				CLANG_WARN_INT_CONVERSION = YES;
				CLANG_WARN_NON_LITERAL_NULL_CONVERSION = YES;
				CLANG_WARN_OBJC_IMPLICIT_RETAIN_SELF = YES;
				CLANG_WARN_OBJC_LITERAL_CONVERSION = YES;
				CLANG_WARN_OBJC_ROOT_CLASS = YES_ERROR;
				CLANG_WARN_RANGE_LOOP_ANALYSIS = YES;
				CLANG_WARN_STRICT_PROTOTYPES = YES;
				CLANG_WARN_SUSPICIOUS_MOVE = YES;
				CLANG_WARN_UNGUARDED_AVAILABILITY = YES_AGGRESSIVE;
				CLANG_WARN_UNREACHABLE_CODE = YES;
				CLANG_WARN__DUPLICATE_METHOD_MATCH = YES;
				COPY_PHASE_STRIP = NO;
				DEBUG_INFORMATION_FORMAT = dwarf;
				ENABLE_STRICT_OBJC_MSGSEND = YES;
				ENABLE_TESTABILITY = YES;
				GCC_C_LANGUAGE_STANDARD = gnu11;
				GCC_DYNAMIC_NO_PIC = NO;
				GCC_NO_COMMON_BLOCKS = YES;
				GCC_OPTIMIZATION_LEVEL = 0;
				GCC_PREPROCESSOR_DEFINITIONS = (
					"DEBUG=1",
					"$(inherited)",
				);
				GCC_WARN_64_TO_32_BIT_CONVERSION = YES;
				GCC_WARN_ABOUT_RETURN_TYPE = YES_ERROR;
				GCC_WARN_UNDECLARED_SELECTOR = YES;
				GCC_WARN_UNINITIALIZED_AUTOS = YES_AGGRESSIVE;
				GCC_WARN_UNUSED_FUNCTION = YES;
				GCC_WARN_UNUSED_VARIABLE = YES;
				IPHONEOS_DEPLOYMENT_TARGET = 13.2;
				MTL_ENABLE_DEBUG_INFO = INCLUDE_SOURCE;
				MTL_FAST_MATH = YES;
				ONLY_ACTIVE_ARCH = YES;
				SDKROOT = iphoneos;
				SWIFT_ACTIVE_COMPILATION_CONDITIONS = DEBUG;
				SWIFT_OPTIMIZATION_LEVEL = "-Onone";
			};
			name = Debug;
		};
		024F74CF239AE2E200012906 /* Release */ = {
			isa = XCBuildConfiguration;
			buildSettings = {
				ALWAYS_SEARCH_USER_PATHS = NO;
				CLANG_ANALYZER_NONNULL = YES;
				CLANG_ANALYZER_NUMBER_OBJECT_CONVERSION = YES_AGGRESSIVE;
				CLANG_CXX_LANGUAGE_STANDARD = "gnu++14";
				CLANG_CXX_LIBRARY = "libc++";
				CLANG_ENABLE_MODULES = YES;
				CLANG_ENABLE_OBJC_ARC = YES;
				CLANG_ENABLE_OBJC_WEAK = YES;
				CLANG_WARN_BLOCK_CAPTURE_AUTORELEASING = YES;
				CLANG_WARN_BOOL_CONVERSION = YES;
				CLANG_WARN_COMMA = YES;
				CLANG_WARN_CONSTANT_CONVERSION = YES;
				CLANG_WARN_DEPRECATED_OBJC_IMPLEMENTATIONS = YES;
				CLANG_WARN_DIRECT_OBJC_ISA_USAGE = YES_ERROR;
				CLANG_WARN_DOCUMENTATION_COMMENTS = YES;
				CLANG_WARN_EMPTY_BODY = YES;
				CLANG_WARN_ENUM_CONVERSION = YES;
				CLANG_WARN_INFINITE_RECURSION = YES;
				CLANG_WARN_INT_CONVERSION = YES;
				CLANG_WARN_NON_LITERAL_NULL_CONVERSION = YES;
				CLANG_WARN_OBJC_IMPLICIT_RETAIN_SELF = YES;
				CLANG_WARN_OBJC_LITERAL_CONVERSION = YES;
				CLANG_WARN_OBJC_ROOT_CLASS = YES_ERROR;
				CLANG_WARN_RANGE_LOOP_ANALYSIS = YES;
				CLANG_WARN_STRICT_PROTOTYPES = YES;
				CLANG_WARN_SUSPICIOUS_MOVE = YES;
				CLANG_WARN_UNGUARDED_AVAILABILITY = YES_AGGRESSIVE;
				CLANG_WARN_UNREACHABLE_CODE = YES;
				CLANG_WARN__DUPLICATE_METHOD_MATCH = YES;
				COPY_PHASE_STRIP = NO;
				DEBUG_INFORMATION_FORMAT = "dwarf-with-dsym";
				ENABLE_NS_ASSERTIONS = NO;
				ENABLE_STRICT_OBJC_MSGSEND = YES;
				GCC_C_LANGUAGE_STANDARD = gnu11;
				GCC_NO_COMMON_BLOCKS = YES;
				GCC_WARN_64_TO_32_BIT_CONVERSION = YES;
				GCC_WARN_ABOUT_RETURN_TYPE = YES_ERROR;
				GCC_WARN_UNDECLARED_SELECTOR = YES;
				GCC_WARN_UNINITIALIZED_AUTOS = YES_AGGRESSIVE;
				GCC_WARN_UNUSED_FUNCTION = YES;
				GCC_WARN_UNUSED_VARIABLE = YES;
				IPHONEOS_DEPLOYMENT_TARGET = 13.2;
				MTL_ENABLE_DEBUG_INFO = NO;
				MTL_FAST_MATH = YES;
				SDKROOT = iphoneos;
				SWIFT_COMPILATION_MODE = wholemodule;
				SWIFT_OPTIMIZATION_LEVEL = "-O";
				VALIDATE_PRODUCT = YES;
			};
			name = Release;
		};
		024F74D1239AE2E200012906 /* Debug */ = {
			isa = XCBuildConfiguration;
			buildSettings = {
				ASSETCATALOG_COMPILER_APPICON_NAME = AppIcon;
				CODE_SIGN_STYLE = Automatic;
				DEVELOPMENT_TEAM = 87F72Z6LFG;
				INFOPLIST_FILE = ConcurrencyLab/Info.plist;
				LD_RUNPATH_SEARCH_PATHS = (
					"$(inherited)",
					"@executable_path/Frameworks",
				);
				PRODUCT_BUNDLE_IDENTIFIER = com.kelbymittan.ConcurrencyLab;
				PRODUCT_NAME = "$(TARGET_NAME)";
				SWIFT_VERSION = 5.0;
				TARGETED_DEVICE_FAMILY = "1,2";
			};
			name = Debug;
		};
		024F74D2239AE2E200012906 /* Release */ = {
			isa = XCBuildConfiguration;
			buildSettings = {
				ASSETCATALOG_COMPILER_APPICON_NAME = AppIcon;
				CODE_SIGN_STYLE = Automatic;
				DEVELOPMENT_TEAM = 87F72Z6LFG;
				INFOPLIST_FILE = ConcurrencyLab/Info.plist;
				LD_RUNPATH_SEARCH_PATHS = (
					"$(inherited)",
					"@executable_path/Frameworks",
				);
				PRODUCT_BUNDLE_IDENTIFIER = com.kelbymittan.ConcurrencyLab;
				PRODUCT_NAME = "$(TARGET_NAME)";
				SWIFT_VERSION = 5.0;
				TARGETED_DEVICE_FAMILY = "1,2";
			};
			name = Release;
		};
		024F74D4239AE2E200012906 /* Debug */ = {
			isa = XCBuildConfiguration;
			buildSettings = {
				ALWAYS_EMBED_SWIFT_STANDARD_LIBRARIES = YES;
				BUNDLE_LOADER = "$(TEST_HOST)";
				CODE_SIGN_STYLE = Automatic;
				DEVELOPMENT_TEAM = 87F72Z6LFG;
				INFOPLIST_FILE = ConcurrencyLabTests/Info.plist;
				IPHONEOS_DEPLOYMENT_TARGET = 13.2;
				LD_RUNPATH_SEARCH_PATHS = (
					"$(inherited)",
					"@executable_path/Frameworks",
					"@loader_path/Frameworks",
				);
				PRODUCT_BUNDLE_IDENTIFIER = com.kelbymittan.ConcurrencyLabTests;
				PRODUCT_NAME = "$(TARGET_NAME)";
				SWIFT_VERSION = 5.0;
				TARGETED_DEVICE_FAMILY = "1,2";
				TEST_HOST = "$(BUILT_PRODUCTS_DIR)/ConcurrencyLab.app/ConcurrencyLab";
			};
			name = Debug;
		};
		024F74D5239AE2E200012906 /* Release */ = {
			isa = XCBuildConfiguration;
			buildSettings = {
				ALWAYS_EMBED_SWIFT_STANDARD_LIBRARIES = YES;
				BUNDLE_LOADER = "$(TEST_HOST)";
				CODE_SIGN_STYLE = Automatic;
				DEVELOPMENT_TEAM = 87F72Z6LFG;
				INFOPLIST_FILE = ConcurrencyLabTests/Info.plist;
				IPHONEOS_DEPLOYMENT_TARGET = 13.2;
				LD_RUNPATH_SEARCH_PATHS = (
					"$(inherited)",
					"@executable_path/Frameworks",
					"@loader_path/Frameworks",
				);
				PRODUCT_BUNDLE_IDENTIFIER = com.kelbymittan.ConcurrencyLabTests;
				PRODUCT_NAME = "$(TARGET_NAME)";
				SWIFT_VERSION = 5.0;
				TARGETED_DEVICE_FAMILY = "1,2";
				TEST_HOST = "$(BUILT_PRODUCTS_DIR)/ConcurrencyLab.app/ConcurrencyLab";
			};
			name = Release;
		};
/* End XCBuildConfiguration section */

/* Begin XCConfigurationList section */
		024F74AC239AE2DF00012906 /* Build configuration list for PBXProject "ConcurrencyLab" */ = {
			isa = XCConfigurationList;
			buildConfigurations = (
				024F74CE239AE2E200012906 /* Debug */,
				024F74CF239AE2E200012906 /* Release */,
			);
			defaultConfigurationIsVisible = 0;
			defaultConfigurationName = Release;
		};
		024F74D0239AE2E200012906 /* Build configuration list for PBXNativeTarget "ConcurrencyLab" */ = {
			isa = XCConfigurationList;
			buildConfigurations = (
				024F74D1239AE2E200012906 /* Debug */,
				024F74D2239AE2E200012906 /* Release */,
			);
			defaultConfigurationIsVisible = 0;
			defaultConfigurationName = Release;
		};
		024F74D3239AE2E200012906 /* Build configuration list for PBXNativeTarget "ConcurrencyLabTests" */ = {
			isa = XCConfigurationList;
			buildConfigurations = (
				024F74D4239AE2E200012906 /* Debug */,
				024F74D5239AE2E200012906 /* Release */,
			);
			defaultConfigurationIsVisible = 0;
			defaultConfigurationName = Release;
		};
/* End XCConfigurationList section */
	};
	rootObject = 024F74A9239AE2DF00012906 /* Project object */;
}
